// !$*UTF8*$!
{
	archiveVersion = 1;
	classes = {
	};
	objectVersion = 46;
	objects = {

/* Begin PBXBuildFile section */
		6D032F241AA993C0004AA39F /* libimsdk.a in Frameworks */ = {isa = PBXBuildFile; fileRef = 6D032F181AA993C0004AA39F /* libimsdk.a */; };
		6D032F451AA99456004AA39F /* AsyncTCP.m in Sources */ = {isa = PBXBuildFile; fileRef = 6D032F3E1AA99456004AA39F /* AsyncTCP.m */; };
		6D032F461AA99456004AA39F /* IMService.m in Sources */ = {isa = PBXBuildFile; fileRef = 6D032F401AA99456004AA39F /* IMService.m */; };
		6D032F471AA99456004AA39F /* Message.m in Sources */ = {isa = PBXBuildFile; fileRef = 6D032F421AA99456004AA39F /* Message.m */; };
		6D032F481AA99456004AA39F /* util.c in Sources */ = {isa = PBXBuildFile; fileRef = 6D032F431AA99456004AA39F /* util.c */; };
		6D032F871AA9AEB3004AA39F /* IMService.h in CopyFiles */ = {isa = PBXBuildFile; fileRef = 6D032F3F1AA99456004AA39F /* IMService.h */; };
		6D032F881AA9AF2C004AA39F /* Message.h in CopyFiles */ = {isa = PBXBuildFile; fileRef = 6D032F411AA99456004AA39F /* Message.h */; };
		6D401C161AAC840F0041ABC6 /* util.h in CopyFiles */ = {isa = PBXBuildFile; fileRef = 6D032F441AA99456004AA39F /* util.h */; };
		6DF0918E1AB0A21E0080AE67 /* GOReachability.m in Sources */ = {isa = PBXBuildFile; fileRef = 6DF0918D1AB0A21E0080AE67 /* GOReachability.m */; };
/* End PBXBuildFile section */

/* Begin PBXContainerItemProxy section */
		6D032F251AA993C0004AA39F /* PBXContainerItemProxy */ = {
			isa = PBXContainerItemProxy;
			containerPortal = 6D032F101AA993C0004AA39F /* Project object */;
			proxyType = 1;
			remoteGlobalIDString = 6D032F171AA993C0004AA39F;
			remoteInfo = imsdk;
		};
/* End PBXContainerItemProxy section */

/* Begin PBXCopyFilesBuildPhase section */
		6D032F161AA993C0004AA39F /* CopyFiles */ = {
			isa = PBXCopyFilesBuildPhase;
			buildActionMask = 2147483647;
			dstPath = "include/$(PRODUCT_NAME)";
			dstSubfolderSpec = 16;
			files = (
				6D401C161AAC840F0041ABC6 /* util.h in CopyFiles */,
				6D032F881AA9AF2C004AA39F /* Message.h in CopyFiles */,
				6D032F871AA9AEB3004AA39F /* IMService.h in CopyFiles */,
			);
			runOnlyForDeploymentPostprocessing = 0;
		};
/* End PBXCopyFilesBuildPhase section */

/* Begin PBXFileReference section */
		6D032F181AA993C0004AA39F /* libimsdk.a */ = {isa = PBXFileReference; explicitFileType = archive.ar; includeInIndex = 0; path = libimsdk.a; sourceTree = BUILT_PRODUCTS_DIR; };
		6D032F231AA993C0004AA39F /* imsdkTests.xctest */ = {isa = PBXFileReference; explicitFileType = wrapper.cfbundle; includeInIndex = 0; path = imsdkTests.xctest; sourceTree = BUILT_PRODUCTS_DIR; };
		6D032F291AA993C0004AA39F /* Info.plist */ = {isa = PBXFileReference; lastKnownFileType = text.plist.xml; path = Info.plist; sourceTree = "<group>"; };
		6D032F3D1AA99456004AA39F /* AsyncTCP.h */ = {isa = PBXFileReference; fileEncoding = 4; lastKnownFileType = sourcecode.c.h; path = AsyncTCP.h; sourceTree = "<group>"; };
		6D032F3E1AA99456004AA39F /* AsyncTCP.m */ = {isa = PBXFileReference; fileEncoding = 4; lastKnownFileType = sourcecode.c.objc; path = AsyncTCP.m; sourceTree = "<group>"; };
		6D032F3F1AA99456004AA39F /* IMService.h */ = {isa = PBXFileReference; fileEncoding = 4; lastKnownFileType = sourcecode.c.h; path = IMService.h; sourceTree = "<group>"; };
		6D032F401AA99456004AA39F /* IMService.m */ = {isa = PBXFileReference; fileEncoding = 4; lastKnownFileType = sourcecode.c.objc; path = IMService.m; sourceTree = "<group>"; };
		6D032F411AA99456004AA39F /* Message.h */ = {isa = PBXFileReference; fileEncoding = 4; lastKnownFileType = sourcecode.c.h; path = Message.h; sourceTree = "<group>"; };
		6D032F421AA99456004AA39F /* Message.m */ = {isa = PBXFileReference; fileEncoding = 4; lastKnownFileType = sourcecode.c.objc; path = Message.m; sourceTree = "<group>"; };
		6D032F431AA99456004AA39F /* util.c */ = {isa = PBXFileReference; fileEncoding = 4; lastKnownFileType = sourcecode.c.c; path = util.c; sourceTree = "<group>"; };
		6D032F441AA99456004AA39F /* util.h */ = {isa = PBXFileReference; fileEncoding = 4; lastKnownFileType = sourcecode.c.h; path = util.h; sourceTree = "<group>"; };
		6DF0918C1AB0A21E0080AE67 /* GOReachability.h */ = {isa = PBXFileReference; fileEncoding = 4; lastKnownFileType = sourcecode.c.h; path = GOReachability.h; sourceTree = "<group>"; };
		6DF0918D1AB0A21E0080AE67 /* GOReachability.m */ = {isa = PBXFileReference; fileEncoding = 4; lastKnownFileType = sourcecode.c.objc; path = GOReachability.m; sourceTree = "<group>"; };
/* End PBXFileReference section */

/* Begin PBXFrameworksBuildPhase section */
		6D032F151AA993C0004AA39F /* Frameworks */ = {
			isa = PBXFrameworksBuildPhase;
			buildActionMask = 2147483647;
			files = (
			);
			runOnlyForDeploymentPostprocessing = 0;
		};
		6D032F201AA993C0004AA39F /* Frameworks */ = {
			isa = PBXFrameworksBuildPhase;
			buildActionMask = 2147483647;
			files = (
				6D032F241AA993C0004AA39F /* libimsdk.a in Frameworks */,
			);
			runOnlyForDeploymentPostprocessing = 0;
		};
/* End PBXFrameworksBuildPhase section */

/* Begin PBXGroup section */
		6D032F0F1AA993C0004AA39F = {
			isa = PBXGroup;
			children = (
				6D032F1A1AA993C0004AA39F /* imsdk */,
				6D032F271AA993C0004AA39F /* imsdkTests */,
				6D032F191AA993C0004AA39F /* Products */,
			);
			sourceTree = "<group>";
		};
		6D032F191AA993C0004AA39F /* Products */ = {
			isa = PBXGroup;
			children = (
				6D032F181AA993C0004AA39F /* libimsdk.a */,
				6D032F231AA993C0004AA39F /* imsdkTests.xctest */,
			);
			name = Products;
			sourceTree = "<group>";
		};
		6D032F1A1AA993C0004AA39F /* imsdk */ = {
			isa = PBXGroup;
			children = (
				6DF0918C1AB0A21E0080AE67 /* GOReachability.h */,
				6DF0918D1AB0A21E0080AE67 /* GOReachability.m */,
				6D032F3D1AA99456004AA39F /* AsyncTCP.h */,
				6D032F3E1AA99456004AA39F /* AsyncTCP.m */,
				6D032F3F1AA99456004AA39F /* IMService.h */,
				6D032F401AA99456004AA39F /* IMService.m */,
				6D032F411AA99456004AA39F /* Message.h */,
				6D032F421AA99456004AA39F /* Message.m */,
				6D032F431AA99456004AA39F /* util.c */,
				6D032F441AA99456004AA39F /* util.h */,
			);
			path = imsdk;
			sourceTree = "<group>";
		};
		6D032F271AA993C0004AA39F /* imsdkTests */ = {
			isa = PBXGroup;
			children = (
				6D032F281AA993C0004AA39F /* Supporting Files */,
			);
			path = imsdkTests;
			sourceTree = "<group>";
		};
		6D032F281AA993C0004AA39F /* Supporting Files */ = {
			isa = PBXGroup;
			children = (
				6D032F291AA993C0004AA39F /* Info.plist */,
			);
			name = "Supporting Files";
			sourceTree = "<group>";
		};
/* End PBXGroup section */

/* Begin PBXNativeTarget section */
		6D032F171AA993C0004AA39F /* imsdk */ = {
			isa = PBXNativeTarget;
			buildConfigurationList = 6D032F2C1AA993C0004AA39F /* Build configuration list for PBXNativeTarget "imsdk" */;
			buildPhases = (
				6D032F141AA993C0004AA39F /* Sources */,
				6D032F151AA993C0004AA39F /* Frameworks */,
				6D032F161AA993C0004AA39F /* CopyFiles */,
				6D42590F1AC01464001B7E43 /* ShellScript */,
			);
			buildRules = (
			);
			dependencies = (
			);
			name = imsdk;
			productName = imsdk;
			productReference = 6D032F181AA993C0004AA39F /* libimsdk.a */;
			productType = "com.apple.product-type.library.static";
		};
		6D032F221AA993C0004AA39F /* imsdkTests */ = {
			isa = PBXNativeTarget;
			buildConfigurationList = 6D032F2F1AA993C0004AA39F /* Build configuration list for PBXNativeTarget "imsdkTests" */;
			buildPhases = (
				6D032F1F1AA993C0004AA39F /* Sources */,
				6D032F201AA993C0004AA39F /* Frameworks */,
				6D032F211AA993C0004AA39F /* Resources */,
			);
			buildRules = (
			);
			dependencies = (
				6D032F261AA993C0004AA39F /* PBXTargetDependency */,
			);
			name = imsdkTests;
			productName = imsdkTests;
			productReference = 6D032F231AA993C0004AA39F /* imsdkTests.xctest */;
			productType = "com.apple.product-type.bundle.unit-test";
		};
/* End PBXNativeTarget section */

/* Begin PBXProject section */
		6D032F101AA993C0004AA39F /* Project object */ = {
			isa = PBXProject;
			attributes = {
				LastUpgradeCheck = 0610;
				ORGANIZATIONNAME = beetle;
				TargetAttributes = {
					6D032F171AA993C0004AA39F = {
						CreatedOnToolsVersion = 6.1.1;
					};
					6D032F221AA993C0004AA39F = {
						CreatedOnToolsVersion = 6.1.1;
					};
				};
			};
			buildConfigurationList = 6D032F131AA993C0004AA39F /* Build configuration list for PBXProject "imsdk" */;
			compatibilityVersion = "Xcode 3.2";
			developmentRegion = English;
			hasScannedForEncodings = 0;
			knownRegions = (
				en,
			);
			mainGroup = 6D032F0F1AA993C0004AA39F;
			productRefGroup = 6D032F191AA993C0004AA39F /* Products */;
			projectDirPath = "";
			projectRoot = "";
			targets = (
				6D032F171AA993C0004AA39F /* imsdk */,
				6D032F221AA993C0004AA39F /* imsdkTests */,
			);
		};
/* End PBXProject section */

/* Begin PBXResourcesBuildPhase section */
		6D032F211AA993C0004AA39F /* Resources */ = {
			isa = PBXResourcesBuildPhase;
			buildActionMask = 2147483647;
			files = (
			);
			runOnlyForDeploymentPostprocessing = 0;
		};
/* End PBXResourcesBuildPhase section */

/* Begin PBXShellScriptBuildPhase section */
		6D42590F1AC01464001B7E43 /* ShellScript */ = {
			isa = PBXShellScriptBuildPhase;
			buildActionMask = 2147483647;
			files = (
			);
			inputPaths = (
			);
			outputPaths = (
			);
			runOnlyForDeploymentPostprocessing = 0;
			shellPath = /bin/sh;
			shellScript = "# define output folder environment variable\nUNIVERSAL_OUTPUTFOLDER=${BUILD_DIR}/${CONFIGURATION}-universal\n\n# make sure the output directory exists\nmkdir -p \"${UNIVERSAL_OUTPUTFOLDER}\"\n\n# Step 2. Create universal binary file using lipo\nlipo -create -output \"${UNIVERSAL_OUTPUTFOLDER}/lib${PROJECT_NAME}.a\" \"${BUILD_DIR}/${CONFIGURATION}-iphoneos/lib${PROJECT_NAME}.a\" \"${BUILD_DIR}/${CONFIGURATION}-iphonesimulator/lib${PROJECT_NAME}.a\"\n\n# Last touch. copy the header files. Just for convenience\ncp -R \"${BUILD_DIR}/${CONFIGURATION}-iphoneos/include\" \"${UNIVERSAL_OUTPUTFOLDER}/\"";
		};
/* End PBXShellScriptBuildPhase section */

/* Begin PBXSourcesBuildPhase section */
		6D032F141AA993C0004AA39F /* Sources */ = {
			isa = PBXSourcesBuildPhase;
			buildActionMask = 2147483647;
			files = (
				6D032F451AA99456004AA39F /* AsyncTCP.m in Sources */,
				6D032F481AA99456004AA39F /* util.c in Sources */,
				6D032F471AA99456004AA39F /* Message.m in Sources */,
				6D032F461AA99456004AA39F /* IMService.m in Sources */,
				6DF0918E1AB0A21E0080AE67 /* GOReachability.m in Sources */,
			);
			runOnlyForDeploymentPostprocessing = 0;
		};
		6D032F1F1AA993C0004AA39F /* Sources */ = {
			isa = PBXSourcesBuildPhase;
			buildActionMask = 2147483647;
			files = (
			);
			runOnlyForDeploymentPostprocessing = 0;
		};
/* End PBXSourcesBuildPhase section */

/* Begin PBXTargetDependency section */
		6D032F261AA993C0004AA39F /* PBXTargetDependency */ = {
			isa = PBXTargetDependency;
			target = 6D032F171AA993C0004AA39F /* imsdk */;
			targetProxy = 6D032F251AA993C0004AA39F /* PBXContainerItemProxy */;
		};
/* End PBXTargetDependency section */

/* Begin XCBuildConfiguration section */
		6D032F2A1AA993C0004AA39F /* Debug */ = {
			isa = XCBuildConfiguration;
			buildSettings = {
				ALWAYS_SEARCH_USER_PATHS = NO;
				CLANG_CXX_LANGUAGE_STANDARD = "gnu++0x";
				CLANG_CXX_LIBRARY = "libc++";
				CLANG_ENABLE_MODULES = YES;
				CLANG_ENABLE_OBJC_ARC = YES;
				CLANG_WARN_BOOL_CONVERSION = YES;
				CLANG_WARN_CONSTANT_CONVERSION = YES;
				CLANG_WARN_DIRECT_OBJC_ISA_USAGE = YES_ERROR;
				CLANG_WARN_EMPTY_BODY = YES;
				CLANG_WARN_ENUM_CONVERSION = YES;
				CLANG_WARN_INT_CONVERSION = YES;
				CLANG_WARN_OBJC_ROOT_CLASS = YES_ERROR;
				CLANG_WARN_UNREACHABLE_CODE = YES;
				CLANG_WARN__DUPLICATE_METHOD_MATCH = YES;
				COPY_PHASE_STRIP = NO;
				ENABLE_STRICT_OBJC_MSGSEND = YES;
				GCC_C_LANGUAGE_STANDARD = gnu99;
				GCC_DYNAMIC_NO_PIC = NO;
				GCC_OPTIMIZATION_LEVEL = 0;
				GCC_PREPROCESSOR_DEFINITIONS = (
					"DEBUG=1",
					"$(inherited)",
				);
				GCC_SYMBOLS_PRIVATE_EXTERN = NO;
				GCC_WARN_64_TO_32_BIT_CONVERSION = YES;
				GCC_WARN_ABOUT_RETURN_TYPE = YES_ERROR;
				GCC_WARN_UNDECLARED_SELECTOR = YES;
				GCC_WARN_UNINITIALIZED_AUTOS = YES_AGGRESSIVE;
				GCC_WARN_UNUSED_FUNCTION = YES;
				GCC_WARN_UNUSED_VARIABLE = YES;
				IPHONEOS_DEPLOYMENT_TARGET = 8.1;
				MTL_ENABLE_DEBUG_INFO = YES;
				ONLY_ACTIVE_ARCH = YES;
				SDKROOT = iphoneos;
			};
			name = Debug;
		};
		6D032F2B1AA993C0004AA39F /* Release */ = {
			isa = XCBuildConfiguration;
			buildSettings = {
				ALWAYS_SEARCH_USER_PATHS = NO;
				CLANG_CXX_LANGUAGE_STANDARD = "gnu++0x";
				CLANG_CXX_LIBRARY = "libc++";
				CLANG_ENABLE_MODULES = YES;
				CLANG_ENABLE_OBJC_ARC = YES;
				CLANG_WARN_BOOL_CONVERSION = YES;
				CLANG_WARN_CONSTANT_CONVERSION = YES;
				CLANG_WARN_DIRECT_OBJC_ISA_USAGE = YES_ERROR;
				CLANG_WARN_EMPTY_BODY = YES;
				CLANG_WARN_ENUM_CONVERSION = YES;
				CLANG_WARN_INT_CONVERSION = YES;
				CLANG_WARN_OBJC_ROOT_CLASS = YES_ERROR;
				CLANG_WARN_UNREACHABLE_CODE = YES;
				CLANG_WARN__DUPLICATE_METHOD_MATCH = YES;
				COPY_PHASE_STRIP = YES;
				ENABLE_NS_ASSERTIONS = NO;
				ENABLE_STRICT_OBJC_MSGSEND = YES;
				GCC_C_LANGUAGE_STANDARD = gnu99;
				GCC_WARN_64_TO_32_BIT_CONVERSION = YES;
				GCC_WARN_ABOUT_RETURN_TYPE = YES_ERROR;
				GCC_WARN_UNDECLARED_SELECTOR = YES;
				GCC_WARN_UNINITIALIZED_AUTOS = YES_AGGRESSIVE;
				GCC_WARN_UNUSED_FUNCTION = YES;
				GCC_WARN_UNUSED_VARIABLE = YES;
				IPHONEOS_DEPLOYMENT_TARGET = 8.1;
				MTL_ENABLE_DEBUG_INFO = NO;
				SDKROOT = iphoneos;
				VALIDATE_PRODUCT = YES;
			};
			name = Release;
		};
		6D032F2D1AA993C0004AA39F /* Debug */ = {
			isa = XCBuildConfiguration;
			buildSettings = {
				OTHER_LDFLAGS = "-ObjC";
				PRODUCT_NAME = "$(TARGET_NAME)";
				SKIP_INSTALL = YES;
			};
			name = Debug;
		};
		6D032F2E1AA993C0004AA39F /* Release */ = {
			isa = XCBuildConfiguration;
			buildSettings = {
				OTHER_LDFLAGS = "-ObjC";
				PRODUCT_NAME = "$(TARGET_NAME)";
				SKIP_INSTALL = YES;
			};
			name = Release;
		};
		6D032F301AA993C0004AA39F /* Debug */ = {
			isa = XCBuildConfiguration;
			buildSettings = {
				CODE_SIGN_IDENTITY = "iPhone Developer";
				FRAMEWORK_SEARCH_PATHS = (
					"$(SDKROOT)/Developer/Library/Frameworks",
					"$(inherited)",
				);
				GCC_PREPROCESSOR_DEFINITIONS = (
					"DEBUG=1",
					"$(inherited)",
				);
				INFOPLIST_FILE = imsdkTests/Info.plist;
				LD_RUNPATH_SEARCH_PATHS = "$(inherited) @executable_path/Frameworks @loader_path/Frameworks";
				PRODUCT_NAME = "$(TARGET_NAME)";
			};
			name = Debug;
		};
		6D032F311AA993C0004AA39F /* Release */ = {
			isa = XCBuildConfiguration;
			buildSettings = {
				CODE_SIGN_IDENTITY = "iPhone Developer";
				FRAMEWORK_SEARCH_PATHS = (
					"$(SDKROOT)/Developer/Library/Frameworks",
					"$(inherited)",
				);
				INFOPLIST_FILE = imsdkTests/Info.plist;
				LD_RUNPATH_SEARCH_PATHS = "$(inherited) @executable_path/Frameworks @loader_path/Frameworks";
				PRODUCT_NAME = "$(TARGET_NAME)";
			};
			name = Release;
		};
/* End XCBuildConfiguration section */

/* Begin XCConfigurationList section */
		6D032F131AA993C0004AA39F /* Build configuration list for PBXProject "imsdk" */ = {
			isa = XCConfigurationList;
			buildConfigurations = (
				6D032F2A1AA993C0004AA39F /* Debug */,
				6D032F2B1AA993C0004AA39F /* Release */,
			);
			defaultConfigurationIsVisible = 0;
			defaultConfigurationName = Release;
		};
		6D032F2C1AA993C0004AA39F /* Build configuration list for PBXNativeTarget "imsdk" */ = {
			isa = XCConfigurationList;
			buildConfigurations = (
				6D032F2D1AA993C0004AA39F /* Debug */,
				6D032F2E1AA993C0004AA39F /* Release */,
			);
			defaultConfigurationIsVisible = 0;
			defaultConfigurationName = Release;
		};
		6D032F2F1AA993C0004AA39F /* Build configuration list for PBXNativeTarget "imsdkTests" */ = {
			isa = XCConfigurationList;
			buildConfigurations = (
				6D032F301AA993C0004AA39F /* Debug */,
				6D032F311AA993C0004AA39F /* Release */,
			);
			defaultConfigurationIsVisible = 0;
			defaultConfigurationName = Release;
		};
/* End XCConfigurationList section */
	};
	rootObject = 6D032F101AA993C0004AA39F /* Project object */;
}
